PODS:
  - connectivity_plus (0.0.1):
    - FlutterMacOS
    - ReachabilitySwift
  - device_info_plus (0.0.1):
    - FlutterMacOS
  - FlutterMacOS (1.0.0)
  - package_info_plus (0.0.1):
    - FlutterMacOS
  - path_provider_macos (0.0.1):
    - FlutterMacOS
  - ReachabilitySwift (5.0.0)
  - Sentry/HybridSDK (7.30.2)
  - sentry_flutter (0.0.1):
    - Flutter
    - FlutterMacOS
    - Sentry/HybridSDK (= 7.30.2)
  - shared_preferences_macos (0.0.1):
    - FlutterMacOS
  - SQLCipher (4.5.2):
    - SQLCipher/standard (= 4.5.2)
  - SQLCipher/common (4.5.2)
  - SQLCipher/standard (4.5.2):
    - SQLCipher/common
  - sqlcipher_flutter_libs (0.0.1):
    - FlutterMacOS
    - SQLCipher (~> 4.5.0)

DEPENDENCIES:
  - connectivity_plus (from `Flutter/ephemeral/.symlinks/plugins/connectivity_plus/macos`)
  - device_info_plus (from `Flutter/ephemeral/.symlinks/plugins/device_info_plus/macos`)
  - FlutterMacOS (from `Flutter/ephemeral`)
  - package_info_plus (from `Flutter/ephemeral/.symlinks/plugins/package_info_plus/macos`)
  - path_provider_macos (from `Flutter/ephemeral/.symlinks/plugins/path_provider_macos/macos`)
  - sentry_flutter (from `Flutter/ephemeral/.symlinks/plugins/sentry_flutter/macos`)
  - shared_preferences_macos (from `Flutter/ephemeral/.symlinks/plugins/shared_preferences_macos/macos`)
  - sqlcipher_flutter_libs (from `Flutter/ephemeral/.symlinks/plugins/sqlcipher_flutter_libs/macos`)

SPEC REPOS:
  trunk:
    - ReachabilitySwift
    - Sentry
    - SQLCipher

EXTERNAL SOURCES:
  connectivity_plus:
    :path: Flutter/ephemeral/.symlinks/plugins/connectivity_plus/macos
  device_info_plus:
    :path: Flutter/ephemeral/.symlinks/plugins/device_info_plus/macos
  FlutterMacOS:
    :path: Flutter/ephemeral
  package_info_plus:
    :path: Flutter/ephemeral/.symlinks/plugins/package_info_plus/macos
  path_provider_macos:
    :path: Flutter/ephemeral/.symlinks/plugins/path_provider_macos/macos
  sentry_flutter:
    :path: Flutter/ephemeral/.symlinks/plugins/sentry_flutter/macos
  shared_preferences_macos:
    :path: Flutter/ephemeral/.symlinks/plugins/shared_preferences_macos/macos
  sqlcipher_flutter_libs:
    :path: Flutter/ephemeral/.symlinks/plugins/sqlcipher_flutter_libs/macos

SPEC CHECKSUMS:
  connectivity_plus: 18d3c32514c886e046de60e9c13895109866c747
  device_info_plus: 5401765fde0b8d062a2f8eb65510fb17e77cf07f
  FlutterMacOS: ae6af50a8ea7d6103d888583d46bd8328a7e9811
  package_info_plus: 02d7a575e80f194102bef286361c6c326e4c29ce
  path_provider_macos: 3c0c3b4b0d4a76d2bf989a913c2de869c5641a19
  ReachabilitySwift: 985039c6f7b23a1da463388634119492ff86c825
  Sentry: 9be48e341494bc976c963b05aa4a8ca48308c684
  sentry_flutter: 544e6376e35b00eef9f0864f8bb7f10a0e204993
  shared_preferences_macos: a64dc611287ed6cbe28fd1297898db1336975727
  SQLCipher: f5b4857434158b571a3ed3b10b3b43cd18ef5f67
  sqlcipher_flutter_libs: 38ad87bfba1bc2f3813513b7d3996fb6bd49fed6

PODFILE CHECKSUM: 6eac6b3292e5142cfc23bdeb71848a40ec51c14c

COCOAPODS: 1.11.3
